// !$*UTF8*$!
{
	archiveVersion = 1;
	classes = {
	};
	objectVersion = 48;
	objects = {

/* Begin PBXBuildFile section */
		D81952D22024FE90001454F6 /* PretixAPI.swift in Sources */ = {isa = PBXBuildFile; fileRef = D81952D12024FE90001454F6 /* PretixAPI.swift */; };
		D81952DA20250557001454F6 /* TicketDownloadResponse.swift in Sources */ = {isa = PBXBuildFile; fileRef = D81952D920250557001454F6 /* TicketDownloadResponse.swift */; };
		D81952DC202505EE001454F6 /* TicketDownloadContent.swift in Sources */ = {isa = PBXBuildFile; fileRef = D81952DB202505EE001454F6 /* TicketDownloadContent.swift */; };
		D81AB98F2043431A004A07E0 /* CheckInUploadResponse.swift in Sources */ = {isa = PBXBuildFile; fileRef = D81AB98E2043431A004A07E0 /* CheckInUploadResponse.swift */; };
		D82177622026113C00DB34D0 /* ScanTicketView.swift in Sources */ = {isa = PBXBuildFile; fileRef = D82177612026113C00DB34D0 /* ScanTicketView.swift */; };
		D824D16C2017D4070067F3C8 /* PretixConfigurationManager.swift in Sources */ = {isa = PBXBuildFile; fileRef = D824D16B2017D4070067F3C8 /* PretixConfigurationManager.swift */; };
		D8673C57204AE7C9008E98F8 /* ConfigurationView.swift in Sources */ = {isa = PBXBuildFile; fileRef = D8673C56204AE7C8008E98F8 /* ConfigurationView.swift */; };
		D86DF202202064310062052D /* TicketManager.swift in Sources */ = {isa = PBXBuildFile; fileRef = D86DF201202064300062052D /* TicketManager.swift */; };
		D8735E622024498E00201215 /* CheckInManager.swift in Sources */ = {isa = PBXBuildFile; fileRef = D8735E612024498E00201215 /* CheckInManager.swift */; };
		D8735E6820244D6900201215 /* SyncManager.swift in Sources */ = {isa = PBXBuildFile; fileRef = D8735E6720244D6900201215 /* SyncManager.swift */; };
		D88059E5200FD44200F9680A /* PretixConfiguration.swift in Sources */ = {isa = PBXBuildFile; fileRef = D88059E4200FD44200F9680A /* PretixConfiguration.swift */; };
		D8A12A45200A6B90009830C6 /* AppDelegate.swift in Sources */ = {isa = PBXBuildFile; fileRef = D8A12A44200A6B90009830C6 /* AppDelegate.swift */; };
		D8A12A4E200A6B90009830C6 /* Assets.xcassets in Resources */ = {isa = PBXBuildFile; fileRef = D8A12A4D200A6B90009830C6 /* Assets.xcassets */; };
		D8A12A51200A6B90009830C6 /* LaunchScreen.storyboard in Resources */ = {isa = PBXBuildFile; fileRef = D8A12A4F200A6B90009830C6 /* LaunchScreen.storyboard */; };
		D8A12A5C200A6B90009830C6 /* iPRETIXTests.swift in Sources */ = {isa = PBXBuildFile; fileRef = D8A12A5B200A6B90009830C6 /* iPRETIXTests.swift */; };
		D8A12A96200CD8A5009830C6 /* CoreDataStack.swift in Sources */ = {isa = PBXBuildFile; fileRef = D8A12A95200CD8A5009830C6 /* CoreDataStack.swift */; };
		D8A12A9B200CDB88009830C6 /* iPRETIX.xcdatamodeld in Sources */ = {isa = PBXBuildFile; fileRef = D8A12A99200CDB88009830C6 /* iPRETIX.xcdatamodeld */; };
		D8A12A9F200CF639009830C6 /* ScanConfigurationViewController.swift in Sources */ = {isa = PBXBuildFile; fileRef = D8A12A9E200CF639009830C6 /* ScanConfigurationViewController.swift */; };
		D8A12AA1200CF902009830C6 /* ScanTicketViewController.swift in Sources */ = {isa = PBXBuildFile; fileRef = D8A12AA0200CF902009830C6 /* ScanTicketViewController.swift */; };
		D8A12AA3200CF90F009830C6 /* ConfigurationViewController.swift in Sources */ = {isa = PBXBuildFile; fileRef = D8A12AA2200CF90F009830C6 /* ConfigurationViewController.swift */; };
		D8A12AA5200CF920009830C6 /* EventOverviewViewController.swift in Sources */ = {isa = PBXBuildFile; fileRef = D8A12AA4200CF920009830C6 /* EventOverviewViewController.swift */; };
		D8A12AA7200CF963009830C6 /* ManualSearchViewController.swift in Sources */ = {isa = PBXBuildFile; fileRef = D8A12AA6200CF963009830C6 /* ManualSearchViewController.swift */; };
		D8A12AA9200D0112009830C6 /* EventOverviewView.swift in Sources */ = {isa = PBXBuildFile; fileRef = D8A12AA8200D0112009830C6 /* EventOverviewView.swift */; };
		D8A12AAB200D011C009830C6 /* NoEventView.swift in Sources */ = {isa = PBXBuildFile; fileRef = D8A12AAA200D011C009830C6 /* NoEventView.swift */; };
		D8A12AAD200D1608009830C6 /* ScanConfigurationView.swift in Sources */ = {isa = PBXBuildFile; fileRef = D8A12AAC200D1608009830C6 /* ScanConfigurationView.swift */; };
		D8B00BBF201CCA9900EBA466 /* Branding.swift in Sources */ = {isa = PBXBuildFile; fileRef = D8B00BBE201CCA9900EBA466 /* Branding.swift */; };
		D8BE30C0208E80FF0075DC0C /* LocalAppSettings.swift in Sources */ = {isa = PBXBuildFile; fileRef = D8BE30BF208E80FF0075DC0C /* LocalAppSettings.swift */; };
		D8CF806E210278120004D596 /* Localizable.strings in Resources */ = {isa = PBXBuildFile; fileRef = D8CF8070210278120004D596 /* Localizable.strings */; };
/* End PBXBuildFile section */

/* Begin PBXContainerItemProxy section */
		D8A12A58200A6B90009830C6 /* PBXContainerItemProxy */ = {
			isa = PBXContainerItemProxy;
			containerPortal = D8A12A39200A6B90009830C6 /* Project object */;
			proxyType = 1;
			remoteGlobalIDString = D8A12A40200A6B90009830C6;
			remoteInfo = iPRETIX;
		};
/* End PBXContainerItemProxy section */

/* Begin PBXFileReference section */
		D81952D12024FE90001454F6 /* PretixAPI.swift */ = {isa = PBXFileReference; lastKnownFileType = sourcecode.swift; path = PretixAPI.swift; sourceTree = "<group>"; };
		D81952D920250557001454F6 /* TicketDownloadResponse.swift */ = {isa = PBXFileReference; lastKnownFileType = sourcecode.swift; path = TicketDownloadResponse.swift; sourceTree = "<group>"; };
		D81952DB202505EE001454F6 /* TicketDownloadContent.swift */ = {isa = PBXFileReference; lastKnownFileType = sourcecode.swift; path = TicketDownloadContent.swift; sourceTree = "<group>"; };
		D81AB98E2043431A004A07E0 /* CheckInUploadResponse.swift */ = {isa = PBXFileReference; lastKnownFileType = sourcecode.swift; path = CheckInUploadResponse.swift; sourceTree = "<group>"; };
		D82177612026113C00DB34D0 /* ScanTicketView.swift */ = {isa = PBXFileReference; lastKnownFileType = sourcecode.swift; path = ScanTicketView.swift; sourceTree = "<group>"; };
		D824D16B2017D4070067F3C8 /* PretixConfigurationManager.swift */ = {isa = PBXFileReference; lastKnownFileType = sourcecode.swift; path = PretixConfigurationManager.swift; sourceTree = "<group>"; };
		D8673C56204AE7C8008E98F8 /* ConfigurationView.swift */ = {isa = PBXFileReference; lastKnownFileType = sourcecode.swift; path = ConfigurationView.swift; sourceTree = "<group>"; };
		D86DF201202064300062052D /* TicketManager.swift */ = {isa = PBXFileReference; lastKnownFileType = sourcecode.swift; path = TicketManager.swift; sourceTree = "<group>"; };
		D8735E612024498E00201215 /* CheckInManager.swift */ = {isa = PBXFileReference; lastKnownFileType = sourcecode.swift; path = CheckInManager.swift; sourceTree = "<group>"; };
		D8735E6720244D6900201215 /* SyncManager.swift */ = {isa = PBXFileReference; lastKnownFileType = sourcecode.swift; path = SyncManager.swift; sourceTree = "<group>"; };
		D88059E4200FD44200F9680A /* PretixConfiguration.swift */ = {isa = PBXFileReference; lastKnownFileType = sourcecode.swift; path = PretixConfiguration.swift; sourceTree = "<group>"; };
		D88C04CC2100EDD400699566 /* README.md */ = {isa = PBXFileReference; lastKnownFileType = net.daringfireball.markdown; name = README.md; path = ../README.md; sourceTree = "<group>"; };
		D8A12A41200A6B90009830C6 /* iPRETIX.app */ = {isa = PBXFileReference; explicitFileType = wrapper.application; includeInIndex = 0; path = iPRETIX.app; sourceTree = BUILT_PRODUCTS_DIR; };
		D8A12A44200A6B90009830C6 /* AppDelegate.swift */ = {isa = PBXFileReference; lastKnownFileType = sourcecode.swift; path = AppDelegate.swift; sourceTree = "<group>"; };
		D8A12A4D200A6B90009830C6 /* Assets.xcassets */ = {isa = PBXFileReference; lastKnownFileType = folder.assetcatalog; path = Assets.xcassets; sourceTree = "<group>"; };
		D8A12A50200A6B90009830C6 /* Base */ = {isa = PBXFileReference; lastKnownFileType = file.storyboard; name = Base; path = Base.lproj/LaunchScreen.storyboard; sourceTree = "<group>"; };
		D8A12A52200A6B90009830C6 /* Info.plist */ = {isa = PBXFileReference; lastKnownFileType = text.plist.xml; path = Info.plist; sourceTree = "<group>"; };
		D8A12A57200A6B90009830C6 /* iPRETIXTests.xctest */ = {isa = PBXFileReference; explicitFileType = wrapper.cfbundle; includeInIndex = 0; path = iPRETIXTests.xctest; sourceTree = BUILT_PRODUCTS_DIR; };
		D8A12A5B200A6B90009830C6 /* iPRETIXTests.swift */ = {isa = PBXFileReference; lastKnownFileType = sourcecode.swift; path = iPRETIXTests.swift; sourceTree = "<group>"; };
		D8A12A5D200A6B90009830C6 /* Info.plist */ = {isa = PBXFileReference; lastKnownFileType = text.plist.xml; path = Info.plist; sourceTree = "<group>"; };
		D8A12A95200CD8A5009830C6 /* CoreDataStack.swift */ = {isa = PBXFileReference; lastKnownFileType = sourcecode.swift; path = CoreDataStack.swift; sourceTree = "<group>"; };
		D8A12A9A200CDB88009830C6 /* iPRETIX.xcdatamodel */ = {isa = PBXFileReference; lastKnownFileType = wrapper.xcdatamodel; path = iPRETIX.xcdatamodel; sourceTree = "<group>"; };
		D8A12A9E200CF639009830C6 /* ScanConfigurationViewController.swift */ = {isa = PBXFileReference; lastKnownFileType = sourcecode.swift; path = ScanConfigurationViewController.swift; sourceTree = "<group>"; };
		D8A12AA0200CF902009830C6 /* ScanTicketViewController.swift */ = {isa = PBXFileReference; lastKnownFileType = sourcecode.swift; path = ScanTicketViewController.swift; sourceTree = "<group>"; };
		D8A12AA2200CF90F009830C6 /* ConfigurationViewController.swift */ = {isa = PBXFileReference; lastKnownFileType = sourcecode.swift; path = ConfigurationViewController.swift; sourceTree = "<group>"; };
		D8A12AA4200CF920009830C6 /* EventOverviewViewController.swift */ = {isa = PBXFileReference; lastKnownFileType = sourcecode.swift; path = EventOverviewViewController.swift; sourceTree = "<group>"; };
		D8A12AA6200CF963009830C6 /* ManualSearchViewController.swift */ = {isa = PBXFileReference; lastKnownFileType = sourcecode.swift; path = ManualSearchViewController.swift; sourceTree = "<group>"; };
		D8A12AA8200D0112009830C6 /* EventOverviewView.swift */ = {isa = PBXFileReference; lastKnownFileType = sourcecode.swift; path = EventOverviewView.swift; sourceTree = "<group>"; };
		D8A12AAA200D011C009830C6 /* NoEventView.swift */ = {isa = PBXFileReference; lastKnownFileType = sourcecode.swift; path = NoEventView.swift; sourceTree = "<group>"; };
		D8A12AAC200D1608009830C6 /* ScanConfigurationView.swift */ = {isa = PBXFileReference; lastKnownFileType = sourcecode.swift; path = ScanConfigurationView.swift; sourceTree = "<group>"; };
		D8B00BBE201CCA9900EBA466 /* Branding.swift */ = {isa = PBXFileReference; lastKnownFileType = sourcecode.swift; path = Branding.swift; sourceTree = "<group>"; };
		D8BE30BF208E80FF0075DC0C /* LocalAppSettings.swift */ = {isa = PBXFileReference; lastKnownFileType = sourcecode.swift; path = LocalAppSettings.swift; sourceTree = "<group>"; };
		D8CF8071210278160004D596 /* Base */ = {isa = PBXFileReference; lastKnownFileType = text.plist.strings; name = Base; path = Base.lproj/Localizable.strings; sourceTree = "<group>"; };
		D8CF80722102788E0004D596 /* de */ = {isa = PBXFileReference; lastKnownFileType = text.plist.strings; name = de; path = de.lproj/Localizable.strings; sourceTree = "<group>"; };
/* End PBXFileReference section */

/* Begin PBXFrameworksBuildPhase section */
		D8A12A3E200A6B90009830C6 /* Frameworks */ = {
			isa = PBXFrameworksBuildPhase;
			buildActionMask = 2147483647;
			files = (
			);
			runOnlyForDeploymentPostprocessing = 0;
		};
		D8A12A54200A6B90009830C6 /* Frameworks */ = {
			isa = PBXFrameworksBuildPhase;
			buildActionMask = 2147483647;
			files = (
			);
			runOnlyForDeploymentPostprocessing = 0;
		};
/* End PBXFrameworksBuildPhase section */

/* Begin PBXGroup section */
		D81952D720250546001454F6 /* Download */ = {
			isa = PBXGroup;
			children = (
				D81952D920250557001454F6 /* TicketDownloadResponse.swift */,
				D81952DB202505EE001454F6 /* TicketDownloadContent.swift */,
			);
			path = Download;
			sourceTree = "<group>";
		};
		D81AB98D204342F4004A07E0 /* Upload */ = {
			isa = PBXGroup;
			children = (
				D81AB98E2043431A004A07E0 /* CheckInUploadResponse.swift */,
			);
			path = Upload;
			sourceTree = "<group>";
		};
		D824D1692017D3F10067F3C8 /* AppConfiguration */ = {
			isa = PBXGroup;
			children = (
				D88059E4200FD44200F9680A /* PretixConfiguration.swift */,
				D824D16B2017D4070067F3C8 /* PretixConfigurationManager.swift */,
				D8BE30BF208E80FF0075DC0C /* LocalAppSettings.swift */,
			);
			path = AppConfiguration;
			sourceTree = "<group>";
		};
		D88059E3200FD43400F9680A /* Models */ = {
			isa = PBXGroup;
			children = (
				D81AB98D204342F4004A07E0 /* Upload */,
				D81952D720250546001454F6 /* Download */,
				D824D1692017D3F10067F3C8 /* AppConfiguration */,
			);
			path = Models;
			sourceTree = "<group>";
		};
		D8A12A38200A6B90009830C6 = {
			isa = PBXGroup;
			children = (
				D88C04CC2100EDD400699566 /* README.md */,
				D8A12A43200A6B90009830C6 /* iPRETIX */,
				D8A12A5A200A6B90009830C6 /* iPRETIXTests */,
				D8A12A42200A6B90009830C6 /* Products */,
			);
			sourceTree = "<group>";
		};
		D8A12A42200A6B90009830C6 /* Products */ = {
			isa = PBXGroup;
			children = (
				D8A12A41200A6B90009830C6 /* iPRETIX.app */,
				D8A12A57200A6B90009830C6 /* iPRETIXTests.xctest */,
			);
			name = Products;
			sourceTree = "<group>";
		};
		D8A12A43200A6B90009830C6 /* iPRETIX */ = {
			isa = PBXGroup;
			children = (
				D8A12A66200A971B009830C6 /* classes */,
				D8A12A67200A9723009830C6 /* resources */,
			);
			path = iPRETIX;
			sourceTree = "<group>";
		};
		D8A12A5A200A6B90009830C6 /* iPRETIXTests */ = {
			isa = PBXGroup;
			children = (
				D8A12A5B200A6B90009830C6 /* iPRETIXTests.swift */,
				D8A12A5D200A6B90009830C6 /* Info.plist */,
			);
			path = iPRETIXTests;
			sourceTree = "<group>";
		};
		D8A12A66200A971B009830C6 /* classes */ = {
			isa = PBXGroup;
			children = (
				D8A12A68200A972C009830C6 /* View */,
				D8A12A69200A9731009830C6 /* Data & Connectivity */,
				D8A12A6A200A973C009830C6 /* App Infrastructure */,
			);
			path = classes;
			sourceTree = "<group>";
		};
		D8A12A67200A9723009830C6 /* resources */ = {
			isa = PBXGroup;
			children = (
				D8A12A98200CDB7C009830C6 /* Core Data */,
				D8A12A4D200A6B90009830C6 /* Assets.xcassets */,
				D8A12A52200A6B90009830C6 /* Info.plist */,
				D8A12A6B200A9753009830C6 /* Interface Building */,
				D8CF8070210278120004D596 /* Localizable.strings */,
			);
			path = resources;
			sourceTree = "<group>";
		};
		D8A12A68200A972C009830C6 /* View */ = {
			isa = PBXGroup;
			children = (
				D8A12A6F200CD315009830C6 /* Event Overview */,
				D8A12A6E200CD30A009830C6 /* Search */,
				D8A12A6D200CD304009830C6 /* Scan Ticket */,
				D8A12A6C200CD2FF009830C6 /* Configuration */,
				D8B00BBE201CCA9900EBA466 /* Branding.swift */,
			);
			path = View;
			sourceTree = "<group>";
		};
		D8A12A69200A9731009830C6 /* Data & Connectivity */ = {
			isa = PBXGroup;
			children = (
				D88059E3200FD43400F9680A /* Models */,
				D8A12A9D200CDC5A009830C6 /* Sync */,
				D8A12A95200CD8A5009830C6 /* CoreDataStack.swift */,
				D86DF201202064300062052D /* TicketManager.swift */,
				D8735E612024498E00201215 /* CheckInManager.swift */,
			);
			path = "Data & Connectivity";
			sourceTree = "<group>";
		};
		D8A12A6A200A973C009830C6 /* App Infrastructure */ = {
			isa = PBXGroup;
			children = (
				D8A12A44200A6B90009830C6 /* AppDelegate.swift */,
			);
			path = "App Infrastructure";
			sourceTree = "<group>";
		};
		D8A12A6B200A9753009830C6 /* Interface Building */ = {
			isa = PBXGroup;
			children = (
				D8A12A4F200A6B90009830C6 /* LaunchScreen.storyboard */,
			);
			path = "Interface Building";
			sourceTree = "<group>";
		};
		D8A12A6C200CD2FF009830C6 /* Configuration */ = {
			isa = PBXGroup;
			children = (
				D8A12A9E200CF639009830C6 /* ScanConfigurationViewController.swift */,
				D8A12AA2200CF90F009830C6 /* ConfigurationViewController.swift */,
				D8A12AAC200D1608009830C6 /* ScanConfigurationView.swift */,
				D8673C56204AE7C8008E98F8 /* ConfigurationView.swift */,
			);
			path = Configuration;
			sourceTree = "<group>";
		};
		D8A12A6D200CD304009830C6 /* Scan Ticket */ = {
			isa = PBXGroup;
			children = (
				D8A12AA0200CF902009830C6 /* ScanTicketViewController.swift */,
				D82177612026113C00DB34D0 /* ScanTicketView.swift */,
			);
			path = "Scan Ticket";
			sourceTree = "<group>";
		};
		D8A12A6E200CD30A009830C6 /* Search */ = {
			isa = PBXGroup;
			children = (
				D8A12AA6200CF963009830C6 /* ManualSearchViewController.swift */,
			);
			path = Search;
			sourceTree = "<group>";
		};
		D8A12A6F200CD315009830C6 /* Event Overview */ = {
			isa = PBXGroup;
			children = (
				D8A12AA4200CF920009830C6 /* EventOverviewViewController.swift */,
				D8A12AA8200D0112009830C6 /* EventOverviewView.swift */,
				D8A12AAA200D011C009830C6 /* NoEventView.swift */,
			);
			path = "Event Overview";
			sourceTree = "<group>";
		};
		D8A12A98200CDB7C009830C6 /* Core Data */ = {
			isa = PBXGroup;
			children = (
				D8A12A99200CDB88009830C6 /* iPRETIX.xcdatamodeld */,
			);
			path = "Core Data";
			sourceTree = "<group>";
		};
		D8A12A9D200CDC5A009830C6 /* Sync */ = {
			isa = PBXGroup;
			children = (
				D8735E6720244D6900201215 /* SyncManager.swift */,
				D81952D12024FE90001454F6 /* PretixAPI.swift */,
			);
			path = Sync;
			sourceTree = "<group>";
		};
/* End PBXGroup section */

/* Begin PBXNativeTarget section */
		D8A12A40200A6B90009830C6 /* iPRETIX */ = {
			isa = PBXNativeTarget;
			buildConfigurationList = D8A12A60200A6B90009830C6 /* Build configuration list for PBXNativeTarget "iPRETIX" */;
			buildPhases = (
				D8A12A3D200A6B90009830C6 /* Sources */,
				D8A12A3E200A6B90009830C6 /* Frameworks */,
				D8A12A3F200A6B90009830C6 /* Resources */,
			);
			buildRules = (
			);
			dependencies = (
			);
			name = iPRETIX;
			productName = iPRETIX;
			productReference = D8A12A41200A6B90009830C6 /* iPRETIX.app */;
			productType = "com.apple.product-type.application";
		};
		D8A12A56200A6B90009830C6 /* iPRETIXTests */ = {
			isa = PBXNativeTarget;
			buildConfigurationList = D8A12A63200A6B90009830C6 /* Build configuration list for PBXNativeTarget "iPRETIXTests" */;
			buildPhases = (
				D8A12A53200A6B90009830C6 /* Sources */,
				D8A12A54200A6B90009830C6 /* Frameworks */,
				D8A12A55200A6B90009830C6 /* Resources */,
			);
			buildRules = (
			);
			dependencies = (
				D8A12A59200A6B90009830C6 /* PBXTargetDependency */,
			);
			name = iPRETIXTests;
			productName = iPRETIXTests;
			productReference = D8A12A57200A6B90009830C6 /* iPRETIXTests.xctest */;
			productType = "com.apple.product-type.bundle.unit-test";
		};
/* End PBXNativeTarget section */

/* Begin PBXProject section */
		D8A12A39200A6B90009830C6 /* Project object */ = {
			isa = PBXProject;
			attributes = {
				LastSwiftUpdateCheck = 0920;
				LastUpgradeCheck = 0920;
				ORGANIZATIONNAME = "Nathan Mattes";
				TargetAttributes = {
					D8A12A40200A6B90009830C6 = {
						CreatedOnToolsVersion = 9.2;
						ProvisioningStyle = Automatic;
					};
					D8A12A56200A6B90009830C6 = {
						CreatedOnToolsVersion = 9.2;
						ProvisioningStyle = Automatic;
						TestTargetID = D8A12A40200A6B90009830C6;
					};
				};
			};
			buildConfigurationList = D8A12A3C200A6B90009830C6 /* Build configuration list for PBXProject "iPRETIX" */;
			compatibilityVersion = "Xcode 8.0";
			developmentRegion = en;
			hasScannedForEncodings = 0;
			knownRegions = (
				en,
				Base,
				de,
			);
			mainGroup = D8A12A38200A6B90009830C6;
			productRefGroup = D8A12A42200A6B90009830C6 /* Products */;
			projectDirPath = "";
			projectRoot = "";
			targets = (
				D8A12A40200A6B90009830C6 /* iPRETIX */,
				D8A12A56200A6B90009830C6 /* iPRETIXTests */,
			);
		};
/* End PBXProject section */

/* Begin PBXResourcesBuildPhase section */
		D8A12A3F200A6B90009830C6 /* Resources */ = {
			isa = PBXResourcesBuildPhase;
			buildActionMask = 2147483647;
			files = (
				D8A12A51200A6B90009830C6 /* LaunchScreen.storyboard in Resources */,
				D8CF806E210278120004D596 /* Localizable.strings in Resources */,
				D8A12A4E200A6B90009830C6 /* Assets.xcassets in Resources */,
			);
			runOnlyForDeploymentPostprocessing = 0;
		};
		D8A12A55200A6B90009830C6 /* Resources */ = {
			isa = PBXResourcesBuildPhase;
			buildActionMask = 2147483647;
			files = (
			);
			runOnlyForDeploymentPostprocessing = 0;
		};
/* End PBXResourcesBuildPhase section */

/* Begin PBXSourcesBuildPhase section */
		D8A12A3D200A6B90009830C6 /* Sources */ = {
			isa = PBXSourcesBuildPhase;
			buildActionMask = 2147483647;
			files = (
				D8A12A9F200CF639009830C6 /* ScanConfigurationViewController.swift in Sources */,
				D8A12AAD200D1608009830C6 /* ScanConfigurationView.swift in Sources */,
				D8A12AA9200D0112009830C6 /* EventOverviewView.swift in Sources */,
				D81AB98F2043431A004A07E0 /* CheckInUploadResponse.swift in Sources */,
				D81952DC202505EE001454F6 /* TicketDownloadContent.swift in Sources */,
				D88059E5200FD44200F9680A /* PretixConfiguration.swift in Sources */,
				D8673C57204AE7C9008E98F8 /* ConfigurationView.swift in Sources */,
				D8735E6820244D6900201215 /* SyncManager.swift in Sources */,
				D8A12A9B200CDB88009830C6 /* iPRETIX.xcdatamodeld in Sources */,
				D82177622026113C00DB34D0 /* ScanTicketView.swift in Sources */,
				D8A12AA5200CF920009830C6 /* EventOverviewViewController.swift in Sources */,
				D8B00BBF201CCA9900EBA466 /* Branding.swift in Sources */,
				D8A12A45200A6B90009830C6 /* AppDelegate.swift in Sources */,
				D81952D22024FE90001454F6 /* PretixAPI.swift in Sources */,
				D8BE30C0208E80FF0075DC0C /* LocalAppSettings.swift in Sources */,
				D8A12AA7200CF963009830C6 /* ManualSearchViewController.swift in Sources */,
				D81952DA20250557001454F6 /* TicketDownloadResponse.swift in Sources */,
				D86DF202202064310062052D /* TicketManager.swift in Sources */,
				D8A12AAB200D011C009830C6 /* NoEventView.swift in Sources */,
				D8A12AA1200CF902009830C6 /* ScanTicketViewController.swift in Sources */,
				D824D16C2017D4070067F3C8 /* PretixConfigurationManager.swift in Sources */,
				D8A12A96200CD8A5009830C6 /* CoreDataStack.swift in Sources */,
				D8A12AA3200CF90F009830C6 /* ConfigurationViewController.swift in Sources */,
				D8735E622024498E00201215 /* CheckInManager.swift in Sources */,
			);
			runOnlyForDeploymentPostprocessing = 0;
		};
		D8A12A53200A6B90009830C6 /* Sources */ = {
			isa = PBXSourcesBuildPhase;
			buildActionMask = 2147483647;
			files = (
				D8A12A5C200A6B90009830C6 /* iPRETIXTests.swift in Sources */,
			);
			runOnlyForDeploymentPostprocessing = 0;
		};
/* End PBXSourcesBuildPhase section */

/* Begin PBXTargetDependency section */
		D8A12A59200A6B90009830C6 /* PBXTargetDependency */ = {
			isa = PBXTargetDependency;
			target = D8A12A40200A6B90009830C6 /* iPRETIX */;
			targetProxy = D8A12A58200A6B90009830C6 /* PBXContainerItemProxy */;
		};
/* End PBXTargetDependency section */

/* Begin PBXVariantGroup section */
		D8A12A4F200A6B90009830C6 /* LaunchScreen.storyboard */ = {
			isa = PBXVariantGroup;
			children = (
				D8A12A50200A6B90009830C6 /* Base */,
			);
			name = LaunchScreen.storyboard;
			sourceTree = "<group>";
		};
		D8CF8070210278120004D596 /* Localizable.strings */ = {
			isa = PBXVariantGroup;
			children = (
				D8CF8071210278160004D596 /* Base */,
				D8CF80722102788E0004D596 /* de */,
			);
			name = Localizable.strings;
			sourceTree = "<group>";
		};
/* End PBXVariantGroup section */

/* Begin XCBuildConfiguration section */
		D8A12A5E200A6B90009830C6 /* Debug */ = {
			isa = XCBuildConfiguration;
			buildSettings = {
				ALWAYS_SEARCH_USER_PATHS = NO;
				CLANG_ANALYZER_LOCALIZABILITY_NONLOCALIZED = YES;
				CLANG_ANALYZER_NONNULL = YES;
				CLANG_ANALYZER_NUMBER_OBJECT_CONVERSION = YES_AGGRESSIVE;
				CLANG_CXX_LANGUAGE_STANDARD = "gnu++14";
				CLANG_CXX_LIBRARY = "libc++";
				CLANG_ENABLE_MODULES = YES;
				CLANG_ENABLE_OBJC_ARC = YES;
				CLANG_WARN_BLOCK_CAPTURE_AUTORELEASING = YES;
				CLANG_WARN_BOOL_CONVERSION = YES;
				CLANG_WARN_COMMA = YES;
				CLANG_WARN_CONSTANT_CONVERSION = YES;
				CLANG_WARN_DIRECT_OBJC_ISA_USAGE = YES_ERROR;
				CLANG_WARN_DOCUMENTATION_COMMENTS = YES;
				CLANG_WARN_EMPTY_BODY = YES;
				CLANG_WARN_ENUM_CONVERSION = YES;
				CLANG_WARN_INFINITE_RECURSION = YES;
				CLANG_WARN_INT_CONVERSION = YES;
				CLANG_WARN_NON_LITERAL_NULL_CONVERSION = YES;
				CLANG_WARN_OBJC_LITERAL_CONVERSION = YES;
				CLANG_WARN_OBJC_ROOT_CLASS = YES_ERROR;
				CLANG_WARN_RANGE_LOOP_ANALYSIS = YES;
				CLANG_WARN_STRICT_PROTOTYPES = YES;
				CLANG_WARN_SUSPICIOUS_MOVE = YES;
				CLANG_WARN_UNGUARDED_AVAILABILITY = YES_AGGRESSIVE;
				CLANG_WARN_UNREACHABLE_CODE = YES;
				CLANG_WARN__DUPLICATE_METHOD_MATCH = YES;
				CODE_SIGN_IDENTITY = "iPhone Developer";
				COPY_PHASE_STRIP = NO;
				DEBUG_INFORMATION_FORMAT = dwarf;
				ENABLE_STRICT_OBJC_MSGSEND = YES;
				ENABLE_TESTABILITY = YES;
				GCC_C_LANGUAGE_STANDARD = gnu11;
				GCC_DYNAMIC_NO_PIC = NO;
				GCC_NO_COMMON_BLOCKS = YES;
				GCC_OPTIMIZATION_LEVEL = 0;
				GCC_PREPROCESSOR_DEFINITIONS = (
					"DEBUG=1",
					"$(inherited)",
				);
				GCC_WARN_64_TO_32_BIT_CONVERSION = YES;
				GCC_WARN_ABOUT_RETURN_TYPE = YES_ERROR;
				GCC_WARN_UNDECLARED_SELECTOR = YES;
				GCC_WARN_UNINITIALIZED_AUTOS = YES_AGGRESSIVE;
				GCC_WARN_UNUSED_FUNCTION = YES;
				GCC_WARN_UNUSED_VARIABLE = YES;
				IPHONEOS_DEPLOYMENT_TARGET = 11.2;
				MTL_ENABLE_DEBUG_INFO = YES;
				ONLY_ACTIVE_ARCH = YES;
				SDKROOT = iphoneos;
				SWIFT_ACTIVE_COMPILATION_CONDITIONS = DEBUG;
				SWIFT_OPTIMIZATION_LEVEL = "-Onone";
			};
			name = Debug;
		};
		D8A12A5F200A6B90009830C6 /* Release */ = {
			isa = XCBuildConfiguration;
			buildSettings = {
				ALWAYS_SEARCH_USER_PATHS = NO;
				CLANG_ANALYZER_LOCALIZABILITY_NONLOCALIZED = YES;
				CLANG_ANALYZER_NONNULL = YES;
				CLANG_ANALYZER_NUMBER_OBJECT_CONVERSION = YES_AGGRESSIVE;
				CLANG_CXX_LANGUAGE_STANDARD = "gnu++14";
				CLANG_CXX_LIBRARY = "libc++";
				CLANG_ENABLE_MODULES = YES;
				CLANG_ENABLE_OBJC_ARC = YES;
				CLANG_WARN_BLOCK_CAPTURE_AUTORELEASING = YES;
				CLANG_WARN_BOOL_CONVERSION = YES;
				CLANG_WARN_COMMA = YES;
				CLANG_WARN_CONSTANT_CONVERSION = YES;
				CLANG_WARN_DIRECT_OBJC_ISA_USAGE = YES_ERROR;
				CLANG_WARN_DOCUMENTATION_COMMENTS = YES;
				CLANG_WARN_EMPTY_BODY = YES;
				CLANG_WARN_ENUM_CONVERSION = YES;
				CLANG_WARN_INFINITE_RECURSION = YES;
				CLANG_WARN_INT_CONVERSION = YES;
				CLANG_WARN_NON_LITERAL_NULL_CONVERSION = YES;
				CLANG_WARN_OBJC_LITERAL_CONVERSION = YES;
				CLANG_WARN_OBJC_ROOT_CLASS = YES_ERROR;
				CLANG_WARN_RANGE_LOOP_ANALYSIS = YES;
				CLANG_WARN_STRICT_PROTOTYPES = YES;
				CLANG_WARN_SUSPICIOUS_MOVE = YES;
				CLANG_WARN_UNGUARDED_AVAILABILITY = YES_AGGRESSIVE;
				CLANG_WARN_UNREACHABLE_CODE = YES;
				CLANG_WARN__DUPLICATE_METHOD_MATCH = YES;
				CODE_SIGN_IDENTITY = "iPhone Developer";
				COPY_PHASE_STRIP = NO;
				DEBUG_INFORMATION_FORMAT = "dwarf-with-dsym";
				ENABLE_NS_ASSERTIONS = NO;
				ENABLE_STRICT_OBJC_MSGSEND = YES;
				GCC_C_LANGUAGE_STANDARD = gnu11;
				GCC_NO_COMMON_BLOCKS = YES;
				GCC_WARN_64_TO_32_BIT_CONVERSION = YES;
				GCC_WARN_ABOUT_RETURN_TYPE = YES_ERROR;
				GCC_WARN_UNDECLARED_SELECTOR = YES;
				GCC_WARN_UNINITIALIZED_AUTOS = YES_AGGRESSIVE;
				GCC_WARN_UNUSED_FUNCTION = YES;
				GCC_WARN_UNUSED_VARIABLE = YES;
				IPHONEOS_DEPLOYMENT_TARGET = 11.2;
				MTL_ENABLE_DEBUG_INFO = NO;
				SDKROOT = iphoneos;
				SWIFT_OPTIMIZATION_LEVEL = "-Owholemodule";
				VALIDATE_PRODUCT = YES;
			};
			name = Release;
		};
		D8A12A61200A6B90009830C6 /* Debug */ = {
			isa = XCBuildConfiguration;
			buildSettings = {
				ASSETCATALOG_COMPILER_APPICON_NAME = AppIcon;
				CODE_SIGN_STYLE = Automatic;
				DEVELOPMENT_TEAM = 4H44S5YAWR;
				INFOPLIST_FILE = iPRETIX/resources/Info.plist;
				LD_RUNPATH_SEARCH_PATHS = "$(inherited) @executable_path/Frameworks";
				PRODUCT_BUNDLE_IDENTIFIER = de.bullenscheisse.iPRETIX;
				PRODUCT_NAME = "$(TARGET_NAME)";
				SWIFT_VERSION = 4.0;
				TARGETED_DEVICE_FAMILY = "1,2";
			};
			name = Debug;
		};
		D8A12A62200A6B90009830C6 /* Release */ = {
			isa = XCBuildConfiguration;
			buildSettings = {
				ASSETCATALOG_COMPILER_APPICON_NAME = AppIcon;
				CODE_SIGN_STYLE = Automatic;
				DEVELOPMENT_TEAM = 4H44S5YAWR;
				INFOPLIST_FILE = iPRETIX/resources/Info.plist;
				LD_RUNPATH_SEARCH_PATHS = "$(inherited) @executable_path/Frameworks";
				PRODUCT_BUNDLE_IDENTIFIER = de.bullenscheisse.iPRETIX;
				PRODUCT_NAME = "$(TARGET_NAME)";
				SWIFT_VERSION = 4.0;
				TARGETED_DEVICE_FAMILY = "1,2";
			};
			name = Release;
		};
		D8A12A64200A6B90009830C6 /* Debug */ = {
			isa = XCBuildConfiguration;
			buildSettings = {
				ALWAYS_EMBED_SWIFT_STANDARD_LIBRARIES = YES;
				BUNDLE_LOADER = "$(TEST_HOST)";
				CODE_SIGN_STYLE = Automatic;
				DEVELOPMENT_TEAM = 4H44S5YAWR;
				INFOPLIST_FILE = iPRETIXTests/Info.plist;
				LD_RUNPATH_SEARCH_PATHS = "$(inherited) @executable_path/Frameworks @loader_path/Frameworks";
				PRODUCT_BUNDLE_IDENTIFIER = de.bullenscheisse.iPRETIXTests;
				PRODUCT_NAME = "$(TARGET_NAME)";
				SWIFT_VERSION = 4.0;
				TARGETED_DEVICE_FAMILY = "1,2";
				TEST_HOST = "$(BUILT_PRODUCTS_DIR)/iPRETIX.app/iPRETIX";
			};
			name = Debug;
		};
		D8A12A65200A6B90009830C6 /* Release */ = {
			isa = XCBuildConfiguration;
			buildSettings = {
				ALWAYS_EMBED_SWIFT_STANDARD_LIBRARIES = YES;
				BUNDLE_LOADER = "$(TEST_HOST)";
				CODE_SIGN_STYLE = Automatic;
				DEVELOPMENT_TEAM = 4H44S5YAWR;
				INFOPLIST_FILE = iPRETIXTests/Info.plist;
				LD_RUNPATH_SEARCH_PATHS = "$(inherited) @executable_path/Frameworks @loader_path/Frameworks";
				PRODUCT_BUNDLE_IDENTIFIER = de.bullenscheisse.iPRETIXTests;
				PRODUCT_NAME = "$(TARGET_NAME)";
				SWIFT_VERSION = 4.0;
				TARGETED_DEVICE_FAMILY = "1,2";
				TEST_HOST = "$(BUILT_PRODUCTS_DIR)/iPRETIX.app/iPRETIX";
			};
			name = Release;
		};
/* End XCBuildConfiguration section */

/* Begin XCConfigurationList section */
		D8A12A3C200A6B90009830C6 /* Build configuration list for PBXProject "iPRETIX" */ = {
			isa = XCConfigurationList;
			buildConfigurations = (
				D8A12A5E200A6B90009830C6 /* Debug */,
				D8A12A5F200A6B90009830C6 /* Release */,
			);
			defaultConfigurationIsVisible = 0;
			defaultConfigurationName = Release;
		};
		D8A12A60200A6B90009830C6 /* Build configuration list for PBXNativeTarget "iPRETIX" */ = {
			isa = XCConfigurationList;
			buildConfigurations = (
				D8A12A61200A6B90009830C6 /* Debug */,
				D8A12A62200A6B90009830C6 /* Release */,
			);
			defaultConfigurationIsVisible = 0;
			defaultConfigurationName = Release;
		};
		D8A12A63200A6B90009830C6 /* Build configuration list for PBXNativeTarget "iPRETIXTests" */ = {
			isa = XCConfigurationList;
			buildConfigurations = (
				D8A12A64200A6B90009830C6 /* Debug */,
				D8A12A65200A6B90009830C6 /* Release */,
			);
			defaultConfigurationIsVisible = 0;
			defaultConfigurationName = Release;
		};
/* End XCConfigurationList section */

/* Begin XCVersionGroup section */
		D8A12A99200CDB88009830C6 /* iPRETIX.xcdatamodeld */ = {
			isa = XCVersionGroup;
			children = (
				D8A12A9A200CDB88009830C6 /* iPRETIX.xcdatamodel */,
			);
			currentVersion = D8A12A9A200CDB88009830C6 /* iPRETIX.xcdatamodel */;
			path = iPRETIX.xcdatamodeld;
			sourceTree = "<group>";
			versionGroupType = wrapper.xcdatamodel;
		};
/* End XCVersionGroup section */
	};
	rootObject = D8A12A39200A6B90009830C6 /* Project object */;
}
